
Microsoft Visual Studio Solution File, Format Version 12.00
# Visual Studio 2013
VisualStudioVersion = 12.0.40629.0
MinimumVisualStudioVersion = 10.0.40219.1
Project("{FAE04EC0-301F-11D3-BF4B-00C04F79EFBC}") = "Accounts.Application", "Accounts.Application\Accounts.Application.csproj", "{2D2E59CF-1D4B-484F-BBDD-DF7CE1894C99}"
EndProject
Project("{FAE04EC0-301F-11D3-BF4B-00C04F79EFBC}") = "Accounts.Application.UnitTests", "Accounts.Application.UnitTests\Accounts.Application.UnitTests.csproj", "{4041477A-482A-462A-BAC8-15BC85482844}"
EndProject
Project("{2150E333-8FDC-42A3-9474-1A3956D46DE8}") = "Tests", "Tests", "{AEAF01F5-BDF1-4B05-B70C-ED4176A332BC}"
EndProject
Project("{FAE04EC0-301F-11D3-BF4B-00C04F79EFBC}") = "Accounts.Domain", "..\Accounts.Domain\Accounts.Domain.csproj", "{E65871C5-8036-457C-BC86-10A7BCF500FA}"
EndProject
Project("{FAE04EC0-301F-11D3-BF4B-00C04F79EFBC}") = "Services.DataAccess", "..\Services.DataAccess\Services.DataAccess.csproj", "{CAA61681-2B24-4D32-9E85-31487827DC19}"
EndProject
Global
	GlobalSection(SolutionConfigurationPlatforms) = preSolution
		Debug|Any CPU = Debug|Any CPU
		Release|Any CPU = Release|Any CPU
	EndGlobalSection
	GlobalSection(ProjectConfigurationPlatforms) = postSolution
		{2D2E59CF-1D4B-484F-BBDD-DF7CE1894C99}.Debug|Any CPU.ActiveCfg = Debug|Any CPU
		{2D2E59CF-1D4B-484F-BBDD-DF7CE1894C99}.Debug|Any CPU.Build.0 = Debug|Any CPU
		{2D2E59CF-1D4B-484F-BBDD-DF7CE1894C99}.Release|Any CPU.ActiveCfg = Release|Any CPU
		{2D2E59CF-1D4B-484F-BBDD-DF7CE1894C99}.Release|Any CPU.Build.0 = Release|Any CPU
		{4041477A-482A-462A-BAC8-15BC85482844}.Debug|Any CPU.ActiveCfg = Debug|Any CPU
		{4041477A-482A-462A-BAC8-15BC85482844}.Debug|Any CPU.Build.0 = Debug|Any CPU
		{4041477A-482A-462A-BAC8-15BC85482844}.Release|Any CPU.ActiveCfg = Release|Any CPU
		{4041477A-482A-462A-BAC8-15BC85482844}.Release|Any CPU.Build.0 = Release|Any CPU
		{E65871C5-8036-457C-BC86-10A7BCF500FA}.Debug|Any CPU.ActiveCfg = Debug|Any CPU
		{E65871C5-8036-457C-BC86-10A7BCF500FA}.Debug|Any CPU.Build.0 = Debug|Any CPU
		{E65871C5-8036-457C-BC86-10A7BCF500FA}.Release|Any CPU.ActiveCfg = Release|Any CPU
		{E65871C5-8036-457C-BC86-10A7BCF500FA}.Release|Any CPU.Build.0 = Release|Any CPU
		{CAA61681-2B24-4D32-9E85-31487827DC19}.Debug|Any CPU.ActiveCfg = Debug|Any CPU
		{CAA61681-2B24-4D32-9E85-31487827DC19}.Debug|Any CPU.Build.0 = Debug|Any CPU
		{CAA61681-2B24-4D32-9E85-31487827DC19}.Release|Any CPU.ActiveCfg = Release|Any CPU
		{CAA61681-2B24-4D32-9E85-31487827DC19}.Release|Any CPU.Build.0 = Release|Any CPU
	EndGlobalSection
	GlobalSection(SolutionProperties) = preSolution
		HideSolutionNode = FALSE
	EndGlobalSection
	GlobalSection(NestedProjects) = preSolution
		{4041477A-482A-462A-BAC8-15BC85482844} = {AEAF01F5-BDF1-4B05-B70C-ED4176A332BC}
	EndGlobalSection
EndGlobal
